{
  "pins" : [
    {
      "identity" : "compute",
      "kind" : "remoteSourceControl",
      "location" : "https://github.com/AndrewBarba/Compute",
      "state" : {
        "branch" : "main",
        "revision" : "67a05d5003b2d03fc25b09fdfccb9f22b5123b64"
      }
    },
    {
      "identity" : "cryptoswift",
      "kind" : "remoteSourceControl",
      "location" : "https://github.com/krzyzanowskim/CryptoSwift.git",
      "state" : {
        "revision" : "19b3c3ceed117c5cc883517c4e658548315ba70b",
        "version" : "1.6.0"
      }
    }
  ],
  "version" : 2
}
